// !$*UTF8*$!
{
	archiveVersion = 1;
	classes = {
	};
	objectVersion = 56;
	objects = {

/* Begin PBXBuildFile section */
		E9DD76D62C2B064800BE5B63 /* HealthkitProjectApp.swift in Sources */ = {isa = PBXBuildFile; fileRef = E9DD76D52C2B064800BE5B63 /* HealthkitProjectApp.swift */; };
		E9DD76D82C2B064800BE5B63 /* ContentView.swift in Sources */ = {isa = PBXBuildFile; fileRef = E9DD76D72C2B064800BE5B63 /* ContentView.swift */; };
		E9DD76DA2C2B064900BE5B63 /* Assets.xcassets in Resources */ = {isa = PBXBuildFile; fileRef = E9DD76D92C2B064900BE5B63 /* Assets.xcassets */; };
		E9DD76DD2C2B064900BE5B63 /* Preview Assets.xcassets in Resources */ = {isa = PBXBuildFile; fileRef = E9DD76DC2C2B064900BE5B63 /* Preview Assets.xcassets */; };
		E9DD76E42C2B069D00BE5B63 /* HealthkitManager.swift in Sources */ = {isa = PBXBuildFile; fileRef = E9DD76E32C2B069D00BE5B63 /* HealthkitManager.swift */; };
		E9DD76E62C2B0BD400BE5B63 /* HeartRateViewModel.swift in Sources */ = {isa = PBXBuildFile; fileRef = E9DD76E52C2B0BD400BE5B63 /* HeartRateViewModel.swift */; };
		E9DD76E82C2B0BE500BE5B63 /* HeartView.swift in Sources */ = {isa = PBXBuildFile; fileRef = E9DD76E72C2B0BE500BE5B63 /* HeartView.swift */; };
		E9DD76EB2C2BC26E00BE5B63 /* OxygenSaturationViewModel.swift in Sources */ = {isa = PBXBuildFile; fileRef = E9DD76EA2C2BC26E00BE5B63 /* OxygenSaturationViewModel.swift */; };
/* End PBXBuildFile section */

/* Begin PBXFileReference section */
		E9DD76D22C2B064800BE5B63 /* HealthkitProject.app */ = {isa = PBXFileReference; explicitFileType = wrapper.application; includeInIndex = 0; path = HealthkitProject.app; sourceTree = BUILT_PRODUCTS_DIR; };
		E9DD76D52C2B064800BE5B63 /* HealthkitProjectApp.swift */ = {isa = PBXFileReference; lastKnownFileType = sourcecode.swift; path = HealthkitProjectApp.swift; sourceTree = "<group>"; };
		E9DD76D72C2B064800BE5B63 /* ContentView.swift */ = {isa = PBXFileReference; lastKnownFileType = sourcecode.swift; path = ContentView.swift; sourceTree = "<group>"; };
		E9DD76D92C2B064900BE5B63 /* Assets.xcassets */ = {isa = PBXFileReference; lastKnownFileType = folder.assetcatalog; path = Assets.xcassets; sourceTree = "<group>"; };
		E9DD76DC2C2B064900BE5B63 /* Preview Assets.xcassets */ = {isa = PBXFileReference; lastKnownFileType = folder.assetcatalog; path = "Preview Assets.xcassets"; sourceTree = "<group>"; };
		E9DD76E32C2B069D00BE5B63 /* HealthkitManager.swift */ = {isa = PBXFileReference; lastKnownFileType = sourcecode.swift; path = HealthkitManager.swift; sourceTree = "<group>"; };
		E9DD76E52C2B0BD400BE5B63 /* HeartRateViewModel.swift */ = {isa = PBXFileReference; lastKnownFileType = sourcecode.swift; path = HeartRateViewModel.swift; sourceTree = "<group>"; };
		E9DD76E72C2B0BE500BE5B63 /* HeartView.swift */ = {isa = PBXFileReference; lastKnownFileType = sourcecode.swift; path = HeartView.swift; sourceTree = "<group>"; };
		E9DD76E92C2B1FA400BE5B63 /* HealthkitProject.entitlements */ = {isa = PBXFileReference; lastKnownFileType = text.plist.entitlements; path = HealthkitProject.entitlements; sourceTree = "<group>"; };
		E9DD76EA2C2BC26E00BE5B63 /* OxygenSaturationViewModel.swift */ = {isa = PBXFileReference; lastKnownFileType = sourcecode.swift; path = OxygenSaturationViewModel.swift; sourceTree = "<group>"; };
/* End PBXFileReference section */

/* Begin PBXFrameworksBuildPhase section */
		E9DD76CF2C2B064800BE5B63 /* Frameworks */ = {
			isa = PBXFrameworksBuildPhase;
			buildActionMask = 2147483647;
			files = (
			);
			runOnlyForDeploymentPostprocessing = 0;
		};
/* End PBXFrameworksBuildPhase section */

/* Begin PBXGroup section */
		E9DD76C92C2B064800BE5B63 = {
			isa = PBXGroup;
			children = (
				E9DD76D42C2B064800BE5B63 /* HealthkitProject */,
				E9DD76D32C2B064800BE5B63 /* Products */,
			);
			sourceTree = "<group>";
		};
		E9DD76D32C2B064800BE5B63 /* Products */ = {
			isa = PBXGroup;
			children = (
				E9DD76D22C2B064800BE5B63 /* HealthkitProject.app */,
			);
			name = Products;
			sourceTree = "<group>";
		};
		E9DD76D42C2B064800BE5B63 /* HealthkitProject */ = {
			isa = PBXGroup;
			children = (
				E9DD76E92C2B1FA400BE5B63 /* HealthkitProject.entitlements */,
				E9DD76D52C2B064800BE5B63 /* HealthkitProjectApp.swift */,
				E9DD76D72C2B064800BE5B63 /* ContentView.swift */,
				E9DD76D92C2B064900BE5B63 /* Assets.xcassets */,
				E9DD76DB2C2B064900BE5B63 /* Preview Content */,
				E9DD76E32C2B069D00BE5B63 /* HealthkitManager.swift */,
				E9DD76E52C2B0BD400BE5B63 /* HeartRateViewModel.swift */,
				E9DD76E72C2B0BE500BE5B63 /* HeartView.swift */,
				E9DD76EA2C2BC26E00BE5B63 /* OxygenSaturationViewModel.swift */,
			);
			path = HealthkitProject;
			sourceTree = "<group>";
		};
		E9DD76DB2C2B064900BE5B63 /* Preview Content */ = {
			isa = PBXGroup;
			children = (
				E9DD76DC2C2B064900BE5B63 /* Preview Assets.xcassets */,
			);
			path = "Preview Content";
			sourceTree = "<group>";
		};
/* End PBXGroup section */

/* Begin PBXNativeTarget section */
		E9DD76D12C2B064800BE5B63 /* HealthkitProject */ = {
			isa = PBXNativeTarget;
			buildConfigurationList = E9DD76E02C2B064900BE5B63 /* Build configuration list for PBXNativeTarget "HealthkitProject" */;
			buildPhases = (
				E9DD76CE2C2B064800BE5B63 /* Sources */,
				E9DD76CF2C2B064800BE5B63 /* Frameworks */,
				E9DD76D02C2B064800BE5B63 /* Resources */,
			);
			buildRules = (
			);
			dependencies = (
			);
			name = HealthkitProject;
			productName = HealthkitProject;
			productReference = E9DD76D22C2B064800BE5B63 /* HealthkitProject.app */;
			productType = "com.apple.product-type.application";
		};
/* End PBXNativeTarget section */

/* Begin PBXProject section */
		E9DD76CA2C2B064800BE5B63 /* Project object */ = {
			isa = PBXProject;
			attributes = {
				BuildIndependentTargetsInParallel = 1;
				LastSwiftUpdateCheck = 1540;
				LastUpgradeCheck = 1540;
				TargetAttributes = {
					E9DD76D12C2B064800BE5B63 = {
						CreatedOnToolsVersion = 15.4;
					};
				};
			};
			buildConfigurationList = E9DD76CD2C2B064800BE5B63 /* Build configuration list for PBXProject "HealthkitProject" */;
			compatibilityVersion = "Xcode 14.0";
			developmentRegion = en;
			hasScannedForEncodings = 0;
			knownRegions = (
				en,
				Base,
			);
			mainGroup = E9DD76C92C2B064800BE5B63;
			productRefGroup = E9DD76D32C2B064800BE5B63 /* Products */;
			projectDirPath = "";
			projectRoot = "";
			targets = (
				E9DD76D12C2B064800BE5B63 /* HealthkitProject */,
			);
		};
/* End PBXProject section */

/* Begin PBXResourcesBuildPhase section */
		E9DD76D02C2B064800BE5B63 /* Resources */ = {
			isa = PBXResourcesBuildPhase;
			buildActionMask = 2147483647;
			files = (
				E9DD76DD2C2B064900BE5B63 /* Preview Assets.xcassets in Resources */,
				E9DD76DA2C2B064900BE5B63 /* Assets.xcassets in Resources */,
			);
			runOnlyForDeploymentPostprocessing = 0;
		};
/* End PBXResourcesBuildPhase section */

/* Begin PBXSourcesBuildPhase section */
		E9DD76CE2C2B064800BE5B63 /* Sources */ = {
			isa = PBXSourcesBuildPhase;
			buildActionMask = 2147483647;
			files = (
				E9DD76E82C2B0BE500BE5B63 /* HeartView.swift in Sources */,
				E9DD76E42C2B069D00BE5B63 /* HealthkitManager.swift in Sources */,
				E9DD76D82C2B064800BE5B63 /* ContentView.swift in Sources */,
				E9DD76D62C2B064800BE5B63 /* HealthkitProjectApp.swift in Sources */,
				E9DD76EB2C2BC26E00BE5B63 /* OxygenSaturationViewModel.swift in Sources */,
				E9DD76E62C2B0BD400BE5B63 /* HeartRateViewModel.swift in Sources */,
			);
			runOnlyForDeploymentPostprocessing = 0;
		};
/* End PBXSourcesBuildPhase section */

/* Begin XCBuildConfiguration section */
		E9DD76DE2C2B064900BE5B63 /* Debug */ = {
			isa = XCBuildConfiguration;
			buildSettings = {
				ALWAYS_SEARCH_USER_PATHS = NO;
				ASSETCATALOG_COMPILER_GENERATE_SWIFT_ASSET_SYMBOL_EXTENSIONS = YES;
				CLANG_ANALYZER_NONNULL = YES;
				CLANG_ANALYZER_NUMBER_OBJECT_CONVERSION = YES_AGGRESSIVE;
				CLANG_CXX_LANGUAGE_STANDARD = "gnu++20";
				CLANG_ENABLE_MODULES = YES;
				CLANG_ENABLE_OBJC_ARC = YES;
				CLANG_ENABLE_OBJC_WEAK = YES;
				CLANG_WARN_BLOCK_CAPTURE_AUTORELEASING = YES;
				CLANG_WARN_BOOL_CONVERSION = YES;
				CLANG_WARN_COMMA = YES;
				CLANG_WARN_CONSTANT_CONVERSION = YES;
				CLANG_WARN_DEPRECATED_OBJC_IMPLEMENTATIONS = YES;
				CLANG_WARN_DIRECT_OBJC_ISA_USAGE = YES_ERROR;
				CLANG_WARN_DOCUMENTATION_COMMENTS = YES;
				CLANG_WARN_EMPTY_BODY = YES;
				CLANG_WARN_ENUM_CONVERSION = YES;
				CLANG_WARN_INFINITE_RECURSION = YES;
				CLANG_WARN_INT_CONVERSION = YES;
				CLANG_WARN_NON_LITERAL_NULL_CONVERSION = YES;
				CLANG_WARN_OBJC_IMPLICIT_RETAIN_SELF = YES;
				CLANG_WARN_OBJC_LITERAL_CONVERSION = YES;
				CLANG_WARN_OBJC_ROOT_CLASS = YES_ERROR;
				CLANG_WARN_QUOTED_INCLUDE_IN_FRAMEWORK_HEADER = YES;
				CLANG_WARN_RANGE_LOOP_ANALYSIS = YES;
				CLANG_WARN_STRICT_PROTOTYPES = YES;
				CLANG_WARN_SUSPICIOUS_MOVE = YES;
				CLANG_WARN_UNGUARDED_AVAILABILITY = YES_AGGRESSIVE;
				CLANG_WARN_UNREACHABLE_CODE = YES;
				CLANG_WARN__DUPLICATE_METHOD_MATCH = YES;
				COPY_PHASE_STRIP = NO;
				DEBUG_INFORMATION_FORMAT = dwarf;
				ENABLE_STRICT_OBJC_MSGSEND = YES;
				ENABLE_TESTABILITY = YES;
				ENABLE_USER_SCRIPT_SANDBOXING = YES;
				GCC_C_LANGUAGE_STANDARD = gnu17;
				GCC_DYNAMIC_NO_PIC = NO;
				GCC_NO_COMMON_BLOCKS = YES;
				GCC_OPTIMIZATION_LEVEL = 0;
				GCC_PREPROCESSOR_DEFINITIONS = (
					"DEBUG=1",
					"$(inherited)",
				);
				GCC_WARN_64_TO_32_BIT_CONVERSION = YES;
				GCC_WARN_ABOUT_RETURN_TYPE = YES_ERROR;
				GCC_WARN_UNDECLARED_SELECTOR = YES;
				GCC_WARN_UNINITIALIZED_AUTOS = YES_AGGRESSIVE;
				GCC_WARN_UNUSED_FUNCTION = YES;
				GCC_WARN_UNUSED_VARIABLE = YES;
				IPHONEOS_DEPLOYMENT_TARGET = 17.5;
				LOCALIZATION_PREFERS_STRING_CATALOGS = YES;
				MTL_ENABLE_DEBUG_INFO = INCLUDE_SOURCE;
				MTL_FAST_MATH = YES;
				ONLY_ACTIVE_ARCH = YES;
				SDKROOT = iphoneos;
				SWIFT_ACTIVE_COMPILATION_CONDITIONS = "DEBUG $(inherited)";
				SWIFT_OPTIMIZATION_LEVEL = "-Onone";
			};
			name = Debug;
		};
		E9DD76DF2C2B064900BE5B63 /* Release */ = {
			isa = XCBuildConfiguration;
			buildSettings = {
				ALWAYS_SEARCH_USER_PATHS = NO;
				ASSETCATALOG_COMPILER_GENERATE_SWIFT_ASSET_SYMBOL_EXTENSIONS = YES;
				CLANG_ANALYZER_NONNULL = YES;
				CLANG_ANALYZER_NUMBER_OBJECT_CONVERSION = YES_AGGRESSIVE;
				CLANG_CXX_LANGUAGE_STANDARD = "gnu++20";
				CLANG_ENABLE_MODULES = YES;
				CLANG_ENABLE_OBJC_ARC = YES;
				CLANG_ENABLE_OBJC_WEAK = YES;
				CLANG_WARN_BLOCK_CAPTURE_AUTORELEASING = YES;
				CLANG_WARN_BOOL_CONVERSION = YES;
				CLANG_WARN_COMMA = YES;
				CLANG_WARN_CONSTANT_CONVERSION = YES;
				CLANG_WARN_DEPRECATED_OBJC_IMPLEMENTATIONS = YES;
				CLANG_WARN_DIRECT_OBJC_ISA_USAGE = YES_ERROR;
				CLANG_WARN_DOCUMENTATION_COMMENTS = YES;
				CLANG_WARN_EMPTY_BODY = YES;
				CLANG_WARN_ENUM_CONVERSION = YES;
				CLANG_WARN_INFINITE_RECURSION = YES;
				CLANG_WARN_INT_CONVERSION = YES;
				CLANG_WARN_NON_LITERAL_NULL_CONVERSION = YES;
				CLANG_WARN_OBJC_IMPLICIT_RETAIN_SELF = YES;
				CLANG_WARN_OBJC_LITERAL_CONVERSION = YES;
				CLANG_WARN_OBJC_ROOT_CLASS = YES_ERROR;
				CLANG_WARN_QUOTED_INCLUDE_IN_FRAMEWORK_HEADER = YES;
				CLANG_WARN_RANGE_LOOP_ANALYSIS = YES;
				CLANG_WARN_STRICT_PROTOTYPES = YES;
				CLANG_WARN_SUSPICIOUS_MOVE = YES;
				CLANG_WARN_UNGUARDED_AVAILABILITY = YES_AGGRESSIVE;
				CLANG_WARN_UNREACHABLE_CODE = YES;
				CLANG_WARN__DUPLICATE_METHOD_MATCH = YES;
				COPY_PHASE_STRIP = NO;
				DEBUG_INFORMATION_FORMAT = "dwarf-with-dsym";
				ENABLE_NS_ASSERTIONS = NO;
				ENABLE_STRICT_OBJC_MSGSEND = YES;
				ENABLE_USER_SCRIPT_SANDBOXING = YES;
				GCC_C_LANGUAGE_STANDARD = gnu17;
				GCC_NO_COMMON_BLOCKS = YES;
				GCC_WARN_64_TO_32_BIT_CONVERSION = YES;
				GCC_WARN_ABOUT_RETURN_TYPE = YES_ERROR;
				GCC_WARN_UNDECLARED_SELECTOR = YES;
				GCC_WARN_UNINITIALIZED_AUTOS = YES_AGGRESSIVE;
				GCC_WARN_UNUSED_FUNCTION = YES;
				GCC_WARN_UNUSED_VARIABLE = YES;
				IPHONEOS_DEPLOYMENT_TARGET = 17.5;
				LOCALIZATION_PREFERS_STRING_CATALOGS = YES;
				MTL_ENABLE_DEBUG_INFO = NO;
				MTL_FAST_MATH = YES;
				SDKROOT = iphoneos;
				SWIFT_COMPILATION_MODE = wholemodule;
				VALIDATE_PRODUCT = YES;
			};
			name = Release;
		};
		E9DD76E12C2B064900BE5B63 /* Debug */ = {
			isa = XCBuildConfiguration;
			buildSettings = {
				ASSETCATALOG_COMPILER_APPICON_NAME = AppIcon;
				ASSETCATALOG_COMPILER_GLOBAL_ACCENT_COLOR_NAME = AccentColor;
				CODE_SIGN_ENTITLEMENTS = HealthkitProject/HealthkitProject.entitlements;
				CODE_SIGN_STYLE = Automatic;
				CURRENT_PROJECT_VERSION = 1;
				DEVELOPMENT_ASSET_PATHS = "\"HealthkitProject/Preview Content\"";
				DEVELOPMENT_TEAM = 74HCH446S4;
				ENABLE_PREVIEWS = YES;
				GENERATE_INFOPLIST_FILE = YES;
				INFOPLIST_KEY_NSHealthShareUsageDescription = "\"Please share your data\"";
				INFOPLIST_KEY_NSHealthUpdateUsageDescription = "We need to update your health data";
				INFOPLIST_KEY_UIApplicationSceneManifest_Generation = YES;
				INFOPLIST_KEY_UIApplicationSupportsIndirectInputEvents = YES;
				INFOPLIST_KEY_UILaunchScreen_Generation = YES;
				INFOPLIST_KEY_UISupportedInterfaceOrientations_iPad = "UIInterfaceOrientationPortrait UIInterfaceOrientationPortraitUpsideDown UIInterfaceOrientationLandscapeLeft UIInterfaceOrientationLandscapeRight";
				INFOPLIST_KEY_UISupportedInterfaceOrientations_iPhone = "UIInterfaceOrientationPortrait UIInterfaceOrientationLandscapeLeft UIInterfaceOrientationLandscapeRight";
				LD_RUNPATH_SEARCH_PATHS = (
					"$(inherited)",
					"@executable_path/Frameworks",
				);
				MARKETING_VERSION = 1.0;
				PRODUCT_BUNDLE_IDENTIFIER = Yuriko.HealthkitProject;
				PRODUCT_NAME = "$(TARGET_NAME)";
				SWIFT_EMIT_LOC_STRINGS = YES;
				SWIFT_VERSION = 5.0;
				TARGETED_DEVICE_FAMILY = "1,2";
			};
			name = Debug;
		};
		E9DD76E22C2B064900BE5B63 /* Release */ = {
			isa = XCBuildConfiguration;
			buildSettings = {
				ASSETCATALOG_COMPILER_APPICON_NAME = AppIcon;
				ASSETCATALOG_COMPILER_GLOBAL_ACCENT_COLOR_NAME = AccentColor;
				CODE_SIGN_ENTITLEMENTS = HealthkitProject/HealthkitProject.entitlements;
				CODE_SIGN_STYLE = Automatic;
				CURRENT_PROJECT_VERSION = 1;
				DEVELOPMENT_ASSET_PATHS = "\"HealthkitProject/Preview Content\"";
				DEVELOPMENT_TEAM = 74HCH446S4;
				ENABLE_PREVIEWS = YES;
				GENERATE_INFOPLIST_FILE = YES;
				INFOPLIST_KEY_NSHealthShareUsageDescription = "\"Please share your data\"";
				INFOPLIST_KEY_NSHealthUpdateUsageDescription = "We need to update your health data";
				INFOPLIST_KEY_UIApplicationSceneManifest_Generation = YES;
				INFOPLIST_KEY_UIApplicationSupportsIndirectInputEvents = YES;
				INFOPLIST_KEY_UILaunchScreen_Generation = YES;
				INFOPLIST_KEY_UISupportedInterfaceOrientations_iPad = "UIInterfaceOrientationPortrait UIInterfaceOrientationPortraitUpsideDown UIInterfaceOrientationLandscapeLeft UIInterfaceOrientationLandscapeRight";
				INFOPLIST_KEY_UISupportedInterfaceOrientations_iPhone = "UIInterfaceOrientationPortrait UIInterfaceOrientationLandscapeLeft UIInterfaceOrientationLandscapeRight";
				LD_RUNPATH_SEARCH_PATHS = (
					"$(inherited)",
					"@executable_path/Frameworks",
				);
				MARKETING_VERSION = 1.0;
				PRODUCT_BUNDLE_IDENTIFIER = Yuriko.HealthkitProject;
				PRODUCT_NAME = "$(TARGET_NAME)";
				SWIFT_EMIT_LOC_STRINGS = YES;
				SWIFT_VERSION = 5.0;
				TARGETED_DEVICE_FAMILY = "1,2";
			};
			name = Release;
		};
/* End XCBuildConfiguration section */

/* Begin XCConfigurationList section */
		E9DD76CD2C2B064800BE5B63 /* Build configuration list for PBXProject "HealthkitProject" */ = {
			isa = XCConfigurationList;
			buildConfigurations = (
				E9DD76DE2C2B064900BE5B63 /* Debug */,
				E9DD76DF2C2B064900BE5B63 /* Release */,
			);
			defaultConfigurationIsVisible = 0;
			defaultConfigurationName = Release;
		};
		E9DD76E02C2B064900BE5B63 /* Build configuration list for PBXNativeTarget "HealthkitProject" */ = {
			isa = XCConfigurationList;
			buildConfigurations = (
				E9DD76E12C2B064900BE5B63 /* Debug */,
				E9DD76E22C2B064900BE5B63 /* Release */,
			);
			defaultConfigurationIsVisible = 0;
			defaultConfigurationName = Release;
		};
/* End XCConfigurationList section */
	};
	rootObject = E9DD76CA2C2B064800BE5B63 /* Project object */;
}
